<?xml version="1.0" encoding="utf-8"?>
<Project ToolsVersion="4.0" xmlns="http://schemas.microsoft.com/developer/msbuild/2003">
  <ItemGroup>
    <ClCompile Include="main.cpp" />
    <ClCompile Include="TileMap.cpp" />
  </ItemGroup>
  <ItemGroup>
    <None Include="sfml-audio-2.dll">
      <Filter>dll</Filter>
    </None>
    <None Include="sfml-audio-d-2.dll">
      <Filter>dll</Filter>
    </None>
    <None Include="sfml-graphics-2.dll">
      <Filter>dll</Filter>
    </None>
    <None Include="sfml-graphics-d-2.dll">
      <Filter>dll</Filter>
    </None>
    <None Include="sfml-network-2.dll">
      <Filter>dll</Filter>
    </None>
    <None Include="sfml-network-d-2.dll">
      <Filter>dll</Filter>
    </None>
    <None Include="sfml-system-2.dll">
      <Filter>dll</Filter>
    </None>
    <None Include="sfml-system-d-2.dll">
      <Filter>dll</Filter>
    </None>
    <None Include="sfml-window-2.dll">
      <Filter>dll</Filter>
    </None>
  </ItemGroup>
  <ItemGroup>
    <Filter Include="dll">
      <UniqueIdentifier>{fb3a3b4f-3f3d-4387-bcc4-71169a12ace8}</UniqueIdentifier>
    </Filter>
  </ItemGroup>
  <ItemGroup>
    <Resource Include="openal32.dll">
      <Filter>dll</Filter>
    </Resource>
    <Resource Include="sfml-window-d-2.dll">
      <Filter>dll</Filter>
    </Resource>
  </ItemGroup>
  <ItemGroup>
    <ClInclude Include="TileMap.hpp" />
  </ItemGroup>
</Project>